
Microsoft Visual Studio Solution File, Format Version 12.00
# Visual Studio Version 17
VisualStudioVersion = 17.14.36301.6 d17.14
MinimumVisualStudioVersion = 10.0.40219.1
Project("{FAE04EC0-301F-11D3-BF4B-00C04F79EFBC}") = "ADVC_C#05", "ADVC_C#05\ADVC_C#05.csproj", "{46545C52-6FB2-485B-A34A-52161D41E03B}"
EndProject
Global
	GlobalSection(SolutionConfigurationPlatforms) = preSolution
		Debug|Any CPU = Debug|Any CPU
		Release|Any CPU = Release|Any CPU
	EndGlobalSection
	GlobalSection(ProjectConfigurationPlatforms) = postSolution
		{46545C52-6FB2-485B-A34A-52161D41E03B}.Debug|Any CPU.ActiveCfg = Debug|Any CPU
		{46545C52-6FB2-485B-A34A-52161D41E03B}.Debug|Any CPU.Build.0 = Debug|Any CPU
		{46545C52-6FB2-485B-A34A-52161D41E03B}.Release|Any CPU.ActiveCfg = Release|Any CPU
		{46545C52-6FB2-485B-A34A-52161D41E03B}.Release|Any CPU.Build.0 = Release|Any CPU
	EndGlobalSection
	GlobalSection(SolutionProperties) = preSolution
		HideSolutionNode = FALSE
	EndGlobalSection
	GlobalSection(ExtensibilityGlobals) = postSolution
		SolutionGuid = {68939670-84EB-4FA8-A4E4-C125A910C55D}
	EndGlobalSection
EndGlobal
